
Microsoft Visual Studio Solution File, Format Version 12.00
# Visual Studio 2013
VisualStudioVersion = 12.0.30501.0
MinimumVisualStudioVersion = 10.0.40219.1
Project("{FAE04EC0-301F-11D3-BF4B-00C04F79EFBC}") = "EntityFramework", "EntityFramework\EntityFramework.csproj", "{FEC54009-F6C8-4099-9019-EB0D48E3DEB0}"
EndProject
Global
	GlobalSection(SolutionConfigurationPlatforms) = preSolution
		Debug|Any CPU = Debug|Any CPU
		Release|Any CPU = Release|Any CPU
	EndGlobalSection
	GlobalSection(ProjectConfigurationPlatforms) = postSolution
		{FEC54009-F6C8-4099-9019-EB0D48E3DEB0}.Debug|Any CPU.ActiveCfg = Debug|Any CPU
		{FEC54009-F6C8-4099-9019-EB0D48E3DEB0}.Debug|Any CPU.Build.0 = Debug|Any CPU
		{FEC54009-F6C8-4099-9019-EB0D48E3DEB0}.Release|Any CPU.ActiveCfg = Release|Any CPU
		{FEC54009-F6C8-4099-9019-EB0D48E3DEB0}.Release|Any CPU.Build.0 = Release|Any CPU
	EndGlobalSection
	GlobalSection(SolutionProperties) = preSolution
		HideSolutionNode = FALSE
	EndGlobalSection
EndGlobal
